dependencies:
  button:
    component_hash: 6252e776b397a2f0984a241f076d1d75b970fb4b7470d8a97c5466d003b45738
    source:
      git: https://github.com/mdvorak/esp-button.git
      type: git
    version: 8ba14d3a6032beb9a280dcf6b535241a21605b46
  idf:
    component_hash: null
    source:
      type: idf
    version: 4.3.2
  status_led:
    component_hash: 21f61208ceed653a5e20b2b8ddca1ad0b57bb33180c4c700d3ff849fe7c887f1
    source:
      git: https://github.com/mdvorak-iot/esp-status-led.git
      type: git
    version: e74a7d79b951f166e5237c2a9f82c78337a9dfd1
  wifi_auto_prov:
    component_hash: f4925e7e59abd1c48e88003c5eab5b3e56a00620a89714921dfa684073ebccca
    source:
      git: https://github.com/mdvorak/esp-wifi-auto-prov.git
      type: git
    version: b166ef1803fc0cd16ea62524e47929b6abcaf0bf
  wifi_reconnect:
    component_hash: 63495552cc79fa2cb960f1dfab72b92937666247a95563b77c91aa3cc8c5b888
    source:
      git: https://github.com/mdvorak/esp-wifi-reconnect.git
      type: git
    version: aaab0c67827e2a20f0a42c62e259eba59d81008b
manifest_hash: de83745fdcc046d0ab7ba9e61f6745a54810724e1c2fdf7d7efe15c25c56e69e
target: esp32
version: 1.0.0
